
Microsoft Visual Studio Solution File, Format Version 12.00
# Visual Studio Version 17
VisualStudioVersion = 17.2.32519.379
MinimumVisualStudioVersion = 10.0.40219.1
Project("{FAE04EC0-301F-11D3-BF4B-00C04F79EFBC}") = "HotChocolate.5124.Issue", "hot-chocolate-5124\HotChocolate.5124.Issue.csproj", "{351176DF-425A-4185-A2FE-D1AFB42534A4}"
EndProject
Global
	GlobalSection(SolutionConfigurationPlatforms) = preSolution
		Debug|Any CPU = Debug|Any CPU
		Release|Any CPU = Release|Any CPU
	EndGlobalSection
	GlobalSection(ProjectConfigurationPlatforms) = postSolution
		{351176DF-425A-4185-A2FE-D1AFB42534A4}.Debug|Any CPU.ActiveCfg = Debug|Any CPU
		{351176DF-425A-4185-A2FE-D1AFB42534A4}.Debug|Any CPU.Build.0 = Debug|Any CPU
		{351176DF-425A-4185-A2FE-D1AFB42534A4}.Release|Any CPU.ActiveCfg = Release|Any CPU
		{351176DF-425A-4185-A2FE-D1AFB42534A4}.Release|Any CPU.Build.0 = Release|Any CPU
	EndGlobalSection
	GlobalSection(SolutionProperties) = preSolution
		HideSolutionNode = FALSE
	EndGlobalSection
	GlobalSection(ExtensibilityGlobals) = postSolution
		SolutionGuid = {37EBD51C-D24D-490E-9B88-84C1FCA5F377}
	EndGlobalSection
EndGlobal
